
Microsoft Visual Studio Solution File, Format Version 12.00
# Visual Studio Version 17
VisualStudioVersion = 17.3.32929.385
MinimumVisualStudioVersion = 10.0.40219.1
Project("{FAE04EC0-301F-11D3-BF4B-00C04F79EFBC}") = "AnyarTemplate", "AnyarTemplate\AnyarTemplate.csproj", "{85267E23-993E-4AAA-AB0A-8BE55467C3ED}"
EndProject
Global
	GlobalSection(SolutionConfigurationPlatforms) = preSolution
		Debug|Any CPU = Debug|Any CPU
		Release|Any CPU = Release|Any CPU
	EndGlobalSection
	GlobalSection(ProjectConfigurationPlatforms) = postSolution
		{85267E23-993E-4AAA-AB0A-8BE55467C3ED}.Debug|Any CPU.ActiveCfg = Debug|Any CPU
		{85267E23-993E-4AAA-AB0A-8BE55467C3ED}.Debug|Any CPU.Build.0 = Debug|Any CPU
		{85267E23-993E-4AAA-AB0A-8BE55467C3ED}.Release|Any CPU.ActiveCfg = Release|Any CPU
		{85267E23-993E-4AAA-AB0A-8BE55467C3ED}.Release|Any CPU.Build.0 = Release|Any CPU
	EndGlobalSection
	GlobalSection(SolutionProperties) = preSolution
		HideSolutionNode = FALSE
	EndGlobalSection
	GlobalSection(ExtensibilityGlobals) = postSolution
		SolutionGuid = {282095D3-6F1F-46DF-950E-AFA3C132C775}
	EndGlobalSection
EndGlobal
